// !$*UTF8*$!
{
	archiveVersion = 1;
	classes = {
	};
	objectVersion = 46;
	objects = {

/* Begin PBXBuildFile section */
		4D10150D1ED40FE200E50C82 /* outgoing.CertwithKey.pkcs12 in Resources */ = {isa = PBXBuildFile; fileRef = 4D1770801ED2EBD500144CA7 /* outgoing.CertwithKey.pkcs12 */; };
		4D17703C1ED2EA4800144CA7 /* main.m in Sources */ = {isa = PBXBuildFile; fileRef = 4D17703B1ED2EA4800144CA7 /* main.m */; };
		4D17703F1ED2EA4800144CA7 /* AppDelegate.m in Sources */ = {isa = PBXBuildFile; fileRef = 4D17703E1ED2EA4800144CA7 /* AppDelegate.m */; };
		4D1770421ED2EA4800144CA7 /* ViewController.m in Sources */ = {isa = PBXBuildFile; fileRef = 4D1770411ED2EA4800144CA7 /* ViewController.m */; };
		4D1770451ED2EA4800144CA7 /* Main.storyboard in Resources */ = {isa = PBXBuildFile; fileRef = 4D1770431ED2EA4800144CA7 /* Main.storyboard */; };
		4D1770471ED2EA4800144CA7 /* Assets.xcassets in Resources */ = {isa = PBXBuildFile; fileRef = 4D1770461ED2EA4800144CA7 /* Assets.xcassets */; };
		4D17704A1ED2EA4800144CA7 /* LaunchScreen.storyboard in Resources */ = {isa = PBXBuildFile; fileRef = 4D1770481ED2EA4800144CA7 /* LaunchScreen.storyboard */; };
		4D17707F1ED2EBB600144CA7 /* WebApi.m in Sources */ = {isa = PBXBuildFile; fileRef = 4D17707E1ED2EBB600144CA7 /* WebApi.m */; };
		4D1770901ED2EC9300144CA7 /* DataDictionary.m in Sources */ = {isa = PBXBuildFile; fileRef = 4D17708F1ED2EC9300144CA7 /* DataDictionary.m */; };
		4D64CFB21EFA68AC00C32EC8 /* NSDate_Category.m in Sources */ = {isa = PBXBuildFile; fileRef = 4D64CFB11EFA68AC00C32EC8 /* NSDate_Category.m */; };
		4DD2C2621EF90BE10062A5CF /* DictionaryViewController.m in Sources */ = {isa = PBXBuildFile; fileRef = 4DD2C2601EF90BE10062A5CF /* DictionaryViewController.m */; };
		4DD2C2631EF90BE10062A5CF /* DictionaryViewController.xib in Resources */ = {isa = PBXBuildFile; fileRef = 4DD2C2611EF90BE10062A5CF /* DictionaryViewController.xib */; };
		4DFBF8A11ED3DD9E0066848E /* ApisViewController.m in Sources */ = {isa = PBXBuildFile; fileRef = 4DFBF89F1ED3DD9E0066848E /* ApisViewController.m */; };
		4DFBF8A21ED3DD9E0066848E /* ApisViewController.xib in Resources */ = {isa = PBXBuildFile; fileRef = 4DFBF8A01ED3DD9E0066848E /* ApisViewController.xib */; };
		4DFBF8A51ED3DDBF0066848E /* NBApisViewController.m in Sources */ = {isa = PBXBuildFile; fileRef = 4DFBF8A41ED3DDBF0066848E /* NBApisViewController.m */; };
		4DFBF8AF1ED3DE740066848E /* NSArray_Category.m in Sources */ = {isa = PBXBuildFile; fileRef = 4DFBF8A81ED3DE740066848E /* NSArray_Category.m */; };
		4DFBF8B01ED3DE740066848E /* NSData_Category.m in Sources */ = {isa = PBXBuildFile; fileRef = 4DFBF8AA1ED3DE740066848E /* NSData_Category.m */; };
		4DFBF8B11ED3DE740066848E /* NSDictionary_Category.m in Sources */ = {isa = PBXBuildFile; fileRef = 4DFBF8AC1ED3DE740066848E /* NSDictionary_Category.m */; };
		4DFBF8B21ED3DE740066848E /* NSString_Category.m in Sources */ = {isa = PBXBuildFile; fileRef = 4DFBF8AE1ED3DE740066848E /* NSString_Category.m */; };
/* End PBXBuildFile section */

/* Begin PBXFileReference section */
		4D1770371ED2EA4800144CA7 /* NBPlatformNorthApp.app */ = {isa = PBXFileReference; explicitFileType = wrapper.application; includeInIndex = 0; path = NBPlatformNorthApp.app; sourceTree = BUILT_PRODUCTS_DIR; };
		4D17703B1ED2EA4800144CA7 /* main.m */ = {isa = PBXFileReference; lastKnownFileType = sourcecode.c.objc; path = main.m; sourceTree = "<group>"; };
		4D17703D1ED2EA4800144CA7 /* AppDelegate.h */ = {isa = PBXFileReference; lastKnownFileType = sourcecode.c.h; path = AppDelegate.h; sourceTree = "<group>"; };
		4D17703E1ED2EA4800144CA7 /* AppDelegate.m */ = {isa = PBXFileReference; lastKnownFileType = sourcecode.c.objc; path = AppDelegate.m; sourceTree = "<group>"; };
		4D1770401ED2EA4800144CA7 /* ViewController.h */ = {isa = PBXFileReference; lastKnownFileType = sourcecode.c.h; path = ViewController.h; sourceTree = "<group>"; };
		4D1770411ED2EA4800144CA7 /* ViewController.m */ = {isa = PBXFileReference; lastKnownFileType = sourcecode.c.objc; path = ViewController.m; sourceTree = "<group>"; };
		4D1770441ED2EA4800144CA7 /* Base */ = {isa = PBXFileReference; lastKnownFileType = file.storyboard; name = Base; path = Base.lproj/Main.storyboard; sourceTree = "<group>"; };
		4D1770461ED2EA4800144CA7 /* Assets.xcassets */ = {isa = PBXFileReference; lastKnownFileType = folder.assetcatalog; path = Assets.xcassets; sourceTree = "<group>"; };
		4D1770491ED2EA4800144CA7 /* Base */ = {isa = PBXFileReference; lastKnownFileType = file.storyboard; name = Base; path = Base.lproj/LaunchScreen.storyboard; sourceTree = "<group>"; };
		4D17704B1ED2EA4800144CA7 /* Info.plist */ = {isa = PBXFileReference; lastKnownFileType = text.plist.xml; path = Info.plist; sourceTree = "<group>"; };
		4D17707C1ED2EBB600144CA7 /* JsonField.h */ = {isa = PBXFileReference; fileEncoding = 4; lastKnownFileType = sourcecode.c.h; path = JsonField.h; sourceTree = "<group>"; };
		4D17707D1ED2EBB600144CA7 /* WebApi.h */ = {isa = PBXFileReference; fileEncoding = 4; lastKnownFileType = sourcecode.c.h; path = WebApi.h; sourceTree = "<group>"; };
		4D17707E1ED2EBB600144CA7 /* WebApi.m */ = {isa = PBXFileReference; fileEncoding = 4; lastKnownFileType = sourcecode.c.objc; path = WebApi.m; sourceTree = "<group>"; };
		4D1770801ED2EBD500144CA7 /* outgoing.CertwithKey.pkcs12 */ = {isa = PBXFileReference; lastKnownFileType = file; path = outgoing.CertwithKey.pkcs12; sourceTree = "<group>"; };
		4D17708E1ED2EC9300144CA7 /* DataDictionary.h */ = {isa = PBXFileReference; fileEncoding = 4; lastKnownFileType = sourcecode.c.h; path = DataDictionary.h; sourceTree = "<group>"; };
		4D17708F1ED2EC9300144CA7 /* DataDictionary.m */ = {isa = PBXFileReference; fileEncoding = 4; lastKnownFileType = sourcecode.c.objc; path = DataDictionary.m; sourceTree = "<group>"; };
		4D64CFB01EFA68AC00C32EC8 /* NSDate_Category.h */ = {isa = PBXFileReference; fileEncoding = 4; lastKnownFileType = sourcecode.c.h; path = NSDate_Category.h; sourceTree = "<group>"; };
		4D64CFB11EFA68AC00C32EC8 /* NSDate_Category.m */ = {isa = PBXFileReference; fileEncoding = 4; lastKnownFileType = sourcecode.c.objc; path = NSDate_Category.m; sourceTree = "<group>"; };
		4DD2C25F1EF90BE10062A5CF /* DictionaryViewController.h */ = {isa = PBXFileReference; fileEncoding = 4; lastKnownFileType = sourcecode.c.h; name = DictionaryViewController.h; path = DictionaryViewController/DictionaryViewController.h; sourceTree = "<group>"; };
		4DD2C2601EF90BE10062A5CF /* DictionaryViewController.m */ = {isa = PBXFileReference; fileEncoding = 4; lastKnownFileType = sourcecode.c.objc; name = DictionaryViewController.m; path = DictionaryViewController/DictionaryViewController.m; sourceTree = "<group>"; };
		4DD2C2611EF90BE10062A5CF /* DictionaryViewController.xib */ = {isa = PBXFileReference; fileEncoding = 4; lastKnownFileType = file.xib; name = DictionaryViewController.xib; path = DictionaryViewController/DictionaryViewController.xib; sourceTree = "<group>"; };
		4DFBF89E1ED3DD9E0066848E /* ApisViewController.h */ = {isa = PBXFileReference; fileEncoding = 4; lastKnownFileType = sourcecode.c.h; path = ApisViewController.h; sourceTree = "<group>"; };
		4DFBF89F1ED3DD9E0066848E /* ApisViewController.m */ = {isa = PBXFileReference; fileEncoding = 4; lastKnownFileType = sourcecode.c.objc; path = ApisViewController.m; sourceTree = "<group>"; };
		4DFBF8A01ED3DD9E0066848E /* ApisViewController.xib */ = {isa = PBXFileReference; fileEncoding = 4; lastKnownFileType = file.xib; path = ApisViewController.xib; sourceTree = "<group>"; };
		4DFBF8A31ED3DDBF0066848E /* NBApisViewController.h */ = {isa = PBXFileReference; fileEncoding = 4; lastKnownFileType = sourcecode.c.h; path = NBApisViewController.h; sourceTree = "<group>"; };
		4DFBF8A41ED3DDBF0066848E /* NBApisViewController.m */ = {isa = PBXFileReference; fileEncoding = 4; lastKnownFileType = sourcecode.c.objc; path = NBApisViewController.m; sourceTree = "<group>"; };
		4DFBF8A71ED3DE740066848E /* NSArray_Category.h */ = {isa = PBXFileReference; fileEncoding = 4; lastKnownFileType = sourcecode.c.h; path = NSArray_Category.h; sourceTree = "<group>"; };
		4DFBF8A81ED3DE740066848E /* NSArray_Category.m */ = {isa = PBXFileReference; fileEncoding = 4; lastKnownFileType = sourcecode.c.objc; path = NSArray_Category.m; sourceTree = "<group>"; };
		4DFBF8A91ED3DE740066848E /* NSData_Category.h */ = {isa = PBXFileReference; fileEncoding = 4; lastKnownFileType = sourcecode.c.h; path = NSData_Category.h; sourceTree = "<group>"; };
		4DFBF8AA1ED3DE740066848E /* NSData_Category.m */ = {isa = PBXFileReference; fileEncoding = 4; lastKnownFileType = sourcecode.c.objc; path = NSData_Category.m; sourceTree = "<group>"; };
		4DFBF8AB1ED3DE740066848E /* NSDictionary_Category.h */ = {isa = PBXFileReference; fileEncoding = 4; lastKnownFileType = sourcecode.c.h; path = NSDictionary_Category.h; sourceTree = "<group>"; };
		4DFBF8AC1ED3DE740066848E /* NSDictionary_Category.m */ = {isa = PBXFileReference; fileEncoding = 4; lastKnownFileType = sourcecode.c.objc; path = NSDictionary_Category.m; sourceTree = "<group>"; };
		4DFBF8AD1ED3DE740066848E /* NSString_Category.h */ = {isa = PBXFileReference; fileEncoding = 4; lastKnownFileType = sourcecode.c.h; path = NSString_Category.h; sourceTree = "<group>"; };
		4DFBF8AE1ED3DE740066848E /* NSString_Category.m */ = {isa = PBXFileReference; fileEncoding = 4; lastKnownFileType = sourcecode.c.objc; path = NSString_Category.m; sourceTree = "<group>"; };
/* End PBXFileReference section */

/* Begin PBXFrameworksBuildPhase section */
		4D1770341ED2EA4800144CA7 /* Frameworks */ = {
			isa = PBXFrameworksBuildPhase;
			buildActionMask = 2147483647;
			files = (
			);
			runOnlyForDeploymentPostprocessing = 0;
		};
/* End PBXFrameworksBuildPhase section */

/* Begin PBXGroup section */
		4D17702E1ED2EA4800144CA7 = {
			isa = PBXGroup;
			children = (
				4DD2C25F1EF90BE10062A5CF /* DictionaryViewController.h */,
				4DD2C2601EF90BE10062A5CF /* DictionaryViewController.m */,
				4DD2C2611EF90BE10062A5CF /* DictionaryViewController.xib */,
				4DFBF8A61ED3DE740066848E /* Category */,
				4DFBF89D1ED3DD9E0066848E /* ApisViewController */,
				4D17707B1ED2EBB600144CA7 /* WebApi */,
				4D1770391ED2EA4800144CA7 /* NBPlatformNorthApp */,
				4D1770381ED2EA4800144CA7 /* Products */,
			);
			sourceTree = "<group>";
		};
		4D1770381ED2EA4800144CA7 /* Products */ = {
			isa = PBXGroup;
			children = (
				4D1770371ED2EA4800144CA7 /* NBPlatformNorthApp.app */,
			);
			name = Products;
			sourceTree = "<group>";
		};
		4D1770391ED2EA4800144CA7 /* NBPlatformNorthApp */ = {
			isa = PBXGroup;
			children = (
				4D17708E1ED2EC9300144CA7 /* DataDictionary.h */,
				4D17708F1ED2EC9300144CA7 /* DataDictionary.m */,
				4D17703D1ED2EA4800144CA7 /* AppDelegate.h */,
				4D17703E1ED2EA4800144CA7 /* AppDelegate.m */,
				4D1770401ED2EA4800144CA7 /* ViewController.h */,
				4D1770411ED2EA4800144CA7 /* ViewController.m */,
				4DFBF8A31ED3DDBF0066848E /* NBApisViewController.h */,
				4DFBF8A41ED3DDBF0066848E /* NBApisViewController.m */,
				4D1770431ED2EA4800144CA7 /* Main.storyboard */,
				4D1770461ED2EA4800144CA7 /* Assets.xcassets */,
				4D1770481ED2EA4800144CA7 /* LaunchScreen.storyboard */,
				4D17704B1ED2EA4800144CA7 /* Info.plist */,
				4D17703A1ED2EA4800144CA7 /* Supporting Files */,
			);
			path = NBPlatformNorthApp;
			sourceTree = "<group>";
		};
		4D17703A1ED2EA4800144CA7 /* Supporting Files */ = {
			isa = PBXGroup;
			children = (
				4D17703B1ED2EA4800144CA7 /* main.m */,
			);
			name = "Supporting Files";
			sourceTree = "<group>";
		};
		4D17707B1ED2EBB600144CA7 /* WebApi */ = {
			isa = PBXGroup;
			children = (
				4D17707C1ED2EBB600144CA7 /* JsonField.h */,
				4D17707D1ED2EBB600144CA7 /* WebApi.h */,
				4D17707E1ED2EBB600144CA7 /* WebApi.m */,
				4D1770801ED2EBD500144CA7 /* outgoing.CertwithKey.pkcs12 */,
			);
			path = WebApi;
			sourceTree = "<group>";
		};
		4DFBF89D1ED3DD9E0066848E /* ApisViewController */ = {
			isa = PBXGroup;
			children = (
				4DFBF89E1ED3DD9E0066848E /* ApisViewController.h */,
				4DFBF89F1ED3DD9E0066848E /* ApisViewController.m */,
				4DFBF8A01ED3DD9E0066848E /* ApisViewController.xib */,
			);
			name = ApisViewController;
			path = NBPlatformNorthApp/ApisViewController;
			sourceTree = "<group>";
		};
		4DFBF8A61ED3DE740066848E /* Category */ = {
			isa = PBXGroup;
			children = (
				4DFBF8A71ED3DE740066848E /* NSArray_Category.h */,
				4DFBF8A81ED3DE740066848E /* NSArray_Category.m */,
				4DFBF8A91ED3DE740066848E /* NSData_Category.h */,
				4DFBF8AA1ED3DE740066848E /* NSData_Category.m */,
				4DFBF8AB1ED3DE740066848E /* NSDictionary_Category.h */,
				4DFBF8AC1ED3DE740066848E /* NSDictionary_Category.m */,
				4DFBF8AD1ED3DE740066848E /* NSString_Category.h */,
				4DFBF8AE1ED3DE740066848E /* NSString_Category.m */,
				4D64CFB01EFA68AC00C32EC8 /* NSDate_Category.h */,
				4D64CFB11EFA68AC00C32EC8 /* NSDate_Category.m */,
			);
			path = Category;
			sourceTree = "<group>";
		};
/* End PBXGroup section */

/* Begin PBXNativeTarget section */
		4D1770361ED2EA4800144CA7 /* NBPlatformNorthApp */ = {
			isa = PBXNativeTarget;
			buildConfigurationList = 4D17704E1ED2EA4800144CA7 /* Build configuration list for PBXNativeTarget "NBPlatformNorthApp" */;
			buildPhases = (
				4D1770331ED2EA4800144CA7 /* Sources */,
				4D1770341ED2EA4800144CA7 /* Frameworks */,
				4D1770351ED2EA4800144CA7 /* Resources */,
			);
			buildRules = (
			);
			dependencies = (
			);
			name = NBPlatformNorthApp;
			productName = NBPlatformNorthApp;
			productReference = 4D1770371ED2EA4800144CA7 /* NBPlatformNorthApp.app */;
			productType = "com.apple.product-type.application";
		};
/* End PBXNativeTarget section */

/* Begin PBXProject section */
		4D17702F1ED2EA4800144CA7 /* Project object */ = {
			isa = PBXProject;
			attributes = {
				LastUpgradeCheck = 0830;
				ORGANIZATIONNAME = sunward;
				TargetAttributes = {
					4D1770361ED2EA4800144CA7 = {
						CreatedOnToolsVersion = 8.3.2;
						DevelopmentTeam = D3UQ696K7R;
						ProvisioningStyle = Automatic;
					};
				};
			};
			buildConfigurationList = 4D1770321ED2EA4800144CA7 /* Build configuration list for PBXProject "NBPlatformNorthApp" */;
			compatibilityVersion = "Xcode 3.2";
			developmentRegion = English;
			hasScannedForEncodings = 0;
			knownRegions = (
				en,
				Base,
			);
			mainGroup = 4D17702E1ED2EA4800144CA7;
			productRefGroup = 4D1770381ED2EA4800144CA7 /* Products */;
			projectDirPath = "";
			projectRoot = "";
			targets = (
				4D1770361ED2EA4800144CA7 /* NBPlatformNorthApp */,
			);
		};
/* End PBXProject section */

/* Begin PBXResourcesBuildPhase section */
		4D1770351ED2EA4800144CA7 /* Resources */ = {
			isa = PBXResourcesBuildPhase;
			buildActionMask = 2147483647;
			files = (
				4DD2C2631EF90BE10062A5CF /* DictionaryViewController.xib in Resources */,
				4D10150D1ED40FE200E50C82 /* outgoing.CertwithKey.pkcs12 in Resources */,
				4D17704A1ED2EA4800144CA7 /* LaunchScreen.storyboard in Resources */,
				4D1770471ED2EA4800144CA7 /* Assets.xcassets in Resources */,
				4D1770451ED2EA4800144CA7 /* Main.storyboard in Resources */,
				4DFBF8A21ED3DD9E0066848E /* ApisViewController.xib in Resources */,
			);
			runOnlyForDeploymentPostprocessing = 0;
		};
/* End PBXResourcesBuildPhase section */

/* Begin PBXSourcesBuildPhase section */
		4D1770331ED2EA4800144CA7 /* Sources */ = {
			isa = PBXSourcesBuildPhase;
			buildActionMask = 2147483647;
			files = (
				4DFBF8B11ED3DE740066848E /* NSDictionary_Category.m in Sources */,
				4D64CFB21EFA68AC00C32EC8 /* NSDate_Category.m in Sources */,
				4D1770421ED2EA4800144CA7 /* ViewController.m in Sources */,
				4DD2C2621EF90BE10062A5CF /* DictionaryViewController.m in Sources */,
				4D17703F1ED2EA4800144CA7 /* AppDelegate.m in Sources */,
				4DFBF8B01ED3DE740066848E /* NSData_Category.m in Sources */,
				4DFBF8AF1ED3DE740066848E /* NSArray_Category.m in Sources */,
				4DFBF8B21ED3DE740066848E /* NSString_Category.m in Sources */,
				4DFBF8A51ED3DDBF0066848E /* NBApisViewController.m in Sources */,
				4D17703C1ED2EA4800144CA7 /* main.m in Sources */,
				4DFBF8A11ED3DD9E0066848E /* ApisViewController.m in Sources */,
				4D17707F1ED2EBB600144CA7 /* WebApi.m in Sources */,
				4D1770901ED2EC9300144CA7 /* DataDictionary.m in Sources */,
			);
			runOnlyForDeploymentPostprocessing = 0;
		};
/* End PBXSourcesBuildPhase section */

/* Begin PBXVariantGroup section */
		4D1770431ED2EA4800144CA7 /* Main.storyboard */ = {
			isa = PBXVariantGroup;
			children = (
				4D1770441ED2EA4800144CA7 /* Base */,
			);
			name = Main.storyboard;
			sourceTree = "<group>";
		};
		4D1770481ED2EA4800144CA7 /* LaunchScreen.storyboard */ = {
			isa = PBXVariantGroup;
			children = (
				4D1770491ED2EA4800144CA7 /* Base */,
			);
			name = LaunchScreen.storyboard;
			sourceTree = "<group>";
		};
/* End PBXVariantGroup section */

/* Begin XCBuildConfiguration section */
		4D17704C1ED2EA4800144CA7 /* Debug */ = {
			isa = XCBuildConfiguration;
			buildSettings = {
				ALWAYS_SEARCH_USER_PATHS = NO;
				CLANG_ANALYZER_NONNULL = YES;
				CLANG_ANALYZER_NUMBER_OBJECT_CONVERSION = YES_AGGRESSIVE;
				CLANG_CXX_LANGUAGE_STANDARD = "gnu++0x";
				CLANG_CXX_LIBRARY = "libc++";
				CLANG_ENABLE_MODULES = YES;
				CLANG_ENABLE_OBJC_ARC = YES;
				CLANG_WARN_BOOL_CONVERSION = YES;
				CLANG_WARN_CONSTANT_CONVERSION = YES;
				CLANG_WARN_DIRECT_OBJC_ISA_USAGE = YES_ERROR;
				CLANG_WARN_DOCUMENTATION_COMMENTS = YES;
				CLANG_WARN_EMPTY_BODY = YES;
				CLANG_WARN_ENUM_CONVERSION = YES;
				CLANG_WARN_INFINITE_RECURSION = YES;
				CLANG_WARN_INT_CONVERSION = YES;
				CLANG_WARN_OBJC_ROOT_CLASS = YES_ERROR;
				CLANG_WARN_SUSPICIOUS_MOVE = YES;
				CLANG_WARN_UNREACHABLE_CODE = YES;
				CLANG_WARN__DUPLICATE_METHOD_MATCH = YES;
				"CODE_SIGN_IDENTITY[sdk=iphoneos*]" = "iPhone Developer";
				COPY_PHASE_STRIP = NO;
				DEBUG_INFORMATION_FORMAT = dwarf;
				ENABLE_STRICT_OBJC_MSGSEND = YES;
				ENABLE_TESTABILITY = YES;
				GCC_C_LANGUAGE_STANDARD = gnu99;
				GCC_DYNAMIC_NO_PIC = NO;
				GCC_NO_COMMON_BLOCKS = YES;
				GCC_OPTIMIZATION_LEVEL = 0;
				GCC_PREPROCESSOR_DEFINITIONS = (
					"DEBUG=1",
					"$(inherited)",
				);
				GCC_WARN_64_TO_32_BIT_CONVERSION = YES;
				GCC_WARN_ABOUT_RETURN_TYPE = YES_ERROR;
				GCC_WARN_UNDECLARED_SELECTOR = YES;
				GCC_WARN_UNINITIALIZED_AUTOS = YES_AGGRESSIVE;
				GCC_WARN_UNUSED_FUNCTION = YES;
				GCC_WARN_UNUSED_VARIABLE = YES;
				IPHONEOS_DEPLOYMENT_TARGET = 8.0;
				MTL_ENABLE_DEBUG_INFO = YES;
				ONLY_ACTIVE_ARCH = YES;
				SDKROOT = iphoneos;
				TARGETED_DEVICE_FAMILY = "1,2";
			};
			name = Debug;
		};
		4D17704D1ED2EA4800144CA7 /* Release */ = {
			isa = XCBuildConfiguration;
			buildSettings = {
				ALWAYS_SEARCH_USER_PATHS = NO;
				CLANG_ANALYZER_NONNULL = YES;
				CLANG_ANALYZER_NUMBER_OBJECT_CONVERSION = YES_AGGRESSIVE;
				CLANG_CXX_LANGUAGE_STANDARD = "gnu++0x";
				CLANG_CXX_LIBRARY = "libc++";
				CLANG_ENABLE_MODULES = YES;
				CLANG_ENABLE_OBJC_ARC = YES;
				CLANG_WARN_BOOL_CONVERSION = YES;
				CLANG_WARN_CONSTANT_CONVERSION = YES;
				CLANG_WARN_DIRECT_OBJC_ISA_USAGE = YES_ERROR;
				CLANG_WARN_DOCUMENTATION_COMMENTS = YES;
				CLANG_WARN_EMPTY_BODY = YES;
				CLANG_WARN_ENUM_CONVERSION = YES;
				CLANG_WARN_INFINITE_RECURSION = YES;
				CLANG_WARN_INT_CONVERSION = YES;
				CLANG_WARN_OBJC_ROOT_CLASS = YES_ERROR;
				CLANG_WARN_SUSPICIOUS_MOVE = YES;
				CLANG_WARN_UNREACHABLE_CODE = YES;
				CLANG_WARN__DUPLICATE_METHOD_MATCH = YES;
				"CODE_SIGN_IDENTITY[sdk=iphoneos*]" = "iPhone Developer";
				COPY_PHASE_STRIP = NO;
				DEBUG_INFORMATION_FORMAT = "dwarf-with-dsym";
				ENABLE_NS_ASSERTIONS = NO;
				ENABLE_STRICT_OBJC_MSGSEND = YES;
				GCC_C_LANGUAGE_STANDARD = gnu99;
				GCC_NO_COMMON_BLOCKS = YES;
				GCC_WARN_64_TO_32_BIT_CONVERSION = YES;
				GCC_WARN_ABOUT_RETURN_TYPE = YES_ERROR;
				GCC_WARN_UNDECLARED_SELECTOR = YES;
				GCC_WARN_UNINITIALIZED_AUTOS = YES_AGGRESSIVE;
				GCC_WARN_UNUSED_FUNCTION = YES;
				GCC_WARN_UNUSED_VARIABLE = YES;
				IPHONEOS_DEPLOYMENT_TARGET = 8.0;
				MTL_ENABLE_DEBUG_INFO = NO;
				SDKROOT = iphoneos;
				TARGETED_DEVICE_FAMILY = "1,2";
				VALIDATE_PRODUCT = YES;
			};
			name = Release;
		};
		4D17704F1ED2EA4800144CA7 /* Debug */ = {
			isa = XCBuildConfiguration;
			buildSettings = {
				ASSETCATALOG_COMPILER_APPICON_NAME = AppIcon;
				DEVELOPMENT_TEAM = D3UQ696K7R;
				INFOPLIST_FILE = NBPlatformNorthApp/Info.plist;
				IPHONEOS_DEPLOYMENT_TARGET = 8.0;
				LD_RUNPATH_SEARCH_PATHS = "$(inherited) @executable_path/Frameworks";
				PRODUCT_BUNDLE_IDENTIFIER = com.sunward.NBPlatformNorthApp;
				PRODUCT_NAME = "$(TARGET_NAME)";
			};
			name = Debug;
		};
		4D1770501ED2EA4800144CA7 /* Release */ = {
			isa = XCBuildConfiguration;
			buildSettings = {
				ASSETCATALOG_COMPILER_APPICON_NAME = AppIcon;
				DEVELOPMENT_TEAM = D3UQ696K7R;
				INFOPLIST_FILE = NBPlatformNorthApp/Info.plist;
				IPHONEOS_DEPLOYMENT_TARGET = 8.0;
				LD_RUNPATH_SEARCH_PATHS = "$(inherited) @executable_path/Frameworks";
				PRODUCT_BUNDLE_IDENTIFIER = com.sunward.NBPlatformNorthApp;
				PRODUCT_NAME = "$(TARGET_NAME)";
			};
			name = Release;
		};
/* End XCBuildConfiguration section */

/* Begin XCConfigurationList section */
		4D1770321ED2EA4800144CA7 /* Build configuration list for PBXProject "NBPlatformNorthApp" */ = {
			isa = XCConfigurationList;
			buildConfigurations = (
				4D17704C1ED2EA4800144CA7 /* Debug */,
				4D17704D1ED2EA4800144CA7 /* Release */,
			);
			defaultConfigurationIsVisible = 0;
			defaultConfigurationName = Release;
		};
		4D17704E1ED2EA4800144CA7 /* Build configuration list for PBXNativeTarget "NBPlatformNorthApp" */ = {
			isa = XCConfigurationList;
			buildConfigurations = (
				4D17704F1ED2EA4800144CA7 /* Debug */,
				4D1770501ED2EA4800144CA7 /* Release */,
			);
			defaultConfigurationIsVisible = 0;
			defaultConfigurationName = Release;
		};
/* End XCConfigurationList section */
	};
	rootObject = 4D17702F1ED2EA4800144CA7 /* Project object */;
}
